
Microsoft Visual Studio Solution File, Format Version 12.00
# Visual Studio Version 16
VisualStudioVersion = 16.0.31729.503
MinimumVisualStudioVersion = 10.0.40219.1
Project("{9A19103F-16F7-4668-BE54-9A1E7A4F7556}") = "PsieDrzwi_odnowa", "PsieOdrzwia_odnowa\PsieDrzwi_odnowa.csproj", "{5627CC3E-95C4-4400-B9D0-FAC8AE964B9C}"
EndProject
Global
	GlobalSection(SolutionConfigurationPlatforms) = preSolution
		Debug|Any CPU = Debug|Any CPU
		Release|Any CPU = Release|Any CPU
	EndGlobalSection
	GlobalSection(ProjectConfigurationPlatforms) = postSolution
		{5627CC3E-95C4-4400-B9D0-FAC8AE964B9C}.Debug|Any CPU.ActiveCfg = Debug|Any CPU
		{5627CC3E-95C4-4400-B9D0-FAC8AE964B9C}.Debug|Any CPU.Build.0 = Debug|Any CPU
		{5627CC3E-95C4-4400-B9D0-FAC8AE964B9C}.Release|Any CPU.ActiveCfg = Release|Any CPU
		{5627CC3E-95C4-4400-B9D0-FAC8AE964B9C}.Release|Any CPU.Build.0 = Release|Any CPU
	EndGlobalSection
	GlobalSection(SolutionProperties) = preSolution
		HideSolutionNode = FALSE
	EndGlobalSection
	GlobalSection(ExtensibilityGlobals) = postSolution
		SolutionGuid = {0124E6E5-7A3C-4AD2-9BFD-E34539C9EA4C}
	EndGlobalSection
EndGlobal
